
Microsoft Visual Studio Solution File, Format Version 12.00
# Visual Studio 15
VisualStudioVersion = 15.0.28307.902
MinimumVisualStudioVersion = 10.0.40219.1
Project("{FAE04EC0-301F-11D3-BF4B-00C04F79EFBC}") = "GLA", "GLA.csproj", "{17B7479F-B837-4A4C-BBEE-F3564BC41C12}"
EndProject
Global
	GlobalSection(SolutionConfigurationPlatforms) = preSolution
		Debug|Any CPU = Debug|Any CPU
		Release|Any CPU = Release|Any CPU
	EndGlobalSection
	GlobalSection(ProjectConfigurationPlatforms) = postSolution
		{17B7479F-B837-4A4C-BBEE-F3564BC41C12}.Debug|Any CPU.ActiveCfg = Debug|Any CPU
		{17B7479F-B837-4A4C-BBEE-F3564BC41C12}.Debug|Any CPU.Build.0 = Debug|Any CPU
		{17B7479F-B837-4A4C-BBEE-F3564BC41C12}.Release|Any CPU.ActiveCfg = Release|Any CPU
		{17B7479F-B837-4A4C-BBEE-F3564BC41C12}.Release|Any CPU.Build.0 = Release|Any CPU
	EndGlobalSection
	GlobalSection(SolutionProperties) = preSolution
		HideSolutionNode = FALSE
	EndGlobalSection
	GlobalSection(ExtensibilityGlobals) = postSolution
		SolutionGuid = {AA631DE3-3EC0-431A-8612-8F03428C6130}
	EndGlobalSection
EndGlobal
